
Microsoft Visual Studio Solution File, Format Version 12.00
# Visual Studio Version 17
VisualStudioVersion = 17.0.31903.59
MinimumVisualStudioVersion = 10.0.40219.1
Project("{9A19103F-16F7-4668-BE54-9A1E7A4F7556}") = "Our.Umbraco.Indexy.DemoSite", "Our.Umbraco.Indexy.DemoSite\Our.Umbraco.Indexy.DemoSite.csproj", "{010FA804-2984-4EFB-8CBB-C0F21FA5C733}"
EndProject
Project("{FAE04EC0-301F-11D3-BF4B-00C04F79EFBC}") = "Our.Umbraco.Indexy", "Our.Umbraco.Indexy\Our.Umbraco.Indexy.csproj", "{6630C033-47FC-47B2-BA38-08D0B4B1AF8C}"
EndProject
Global
	GlobalSection(SolutionConfigurationPlatforms) = preSolution
		Debug|Any CPU = Debug|Any CPU
		Release|Any CPU = Release|Any CPU
	EndGlobalSection
	GlobalSection(ProjectConfigurationPlatforms) = postSolution
		{010FA804-2984-4EFB-8CBB-C0F21FA5C733}.Debug|Any CPU.ActiveCfg = Debug|Any CPU
		{010FA804-2984-4EFB-8CBB-C0F21FA5C733}.Debug|Any CPU.Build.0 = Debug|Any CPU
		{010FA804-2984-4EFB-8CBB-C0F21FA5C733}.Release|Any CPU.ActiveCfg = Release|Any CPU
		{010FA804-2984-4EFB-8CBB-C0F21FA5C733}.Release|Any CPU.Build.0 = Release|Any CPU
		{6630C033-47FC-47B2-BA38-08D0B4B1AF8C}.Debug|Any CPU.ActiveCfg = Debug|Any CPU
		{6630C033-47FC-47B2-BA38-08D0B4B1AF8C}.Debug|Any CPU.Build.0 = Debug|Any CPU
		{6630C033-47FC-47B2-BA38-08D0B4B1AF8C}.Release|Any CPU.ActiveCfg = Release|Any CPU
		{6630C033-47FC-47B2-BA38-08D0B4B1AF8C}.Release|Any CPU.Build.0 = Release|Any CPU
	EndGlobalSection
	GlobalSection(SolutionProperties) = preSolution
		HideSolutionNode = FALSE
	EndGlobalSection
	GlobalSection(ExtensibilityGlobals) = postSolution
		SolutionGuid = {61C4384D-0D65-4F25-9A6C-4247402A6157}
	EndGlobalSection
EndGlobal
